gitlab.com/aao-fyi/shock v0.0.0-20230929204021-f71dc65faecf h1:Wz+duBHEcfhk5/VaEYOa0jYJ4j8LntwB4exGKM68Whs=
gitlab.com/aao-fyi/shock v0.0.0-20230929204021-f71dc65faecf/go.mod h1:fFZ6+wPnTLzXmJmJ69o+MdZyjBbWEeMCFAb6CYFubQs=
gitlab.com/aao-fyi/shock v0.0.0-20231007022955-d878421f19e0 h1:Eq5uzZfyQ4T8re+OZI8/68ISzhZqrgjwzjvb5T9BZEs=
gitlab.com/aao-fyi/shock v0.0.0-20231007022955-d878421f19e0/go.mod h1:fFZ6+wPnTLzXmJmJ69o+MdZyjBbWEeMCFAb6CYFubQs=
