gitlab.com/aao-fyi/shock v0.0.0-20231007022955-d878421f19e0 h1:Eq5uzZfyQ4T8re+OZI8/68ISzhZqrgjwzjvb5T9BZEs=
gitlab.com/aao-fyi/shock v0.0.0-20231007022955-d878421f19e0/go.mod h1:fFZ6+wPnTLzXmJmJ69o+MdZyjBbWEeMCFAb6CYFubQs=
gitlab.com/aao-fyi/shock v0.0.0-20231024075900-622440ed8b21 h1:xyxSe+cduhg2QEIJUVNalQY/8ooilDDy1OZ0mKeXKys=
gitlab.com/aao-fyi/shock v0.0.0-20231024075900-622440ed8b21/go.mod h1:E1rQHR817VPn/FSPYs76qrZge85MniflIm0nwT9i5G4=
